
Microsoft Visual Studio Solution File, Format Version 12.00
# Visual Studio Version 17
VisualStudioVersion = 17.1.32421.90
MinimumVisualStudioVersion = 10.0.40219.1
Project("{FAE04EC0-301F-11D3-BF4B-00C04F79EFBC}") = "Ejercicio7AreaDelRectangulo", "Ejercicio6AreaDelCuadrado\Ejercicio7AreaDelRectangulo.csproj", "{56B69C1D-62EA-4972-9F59-6347503966D4}"
EndProject
Global
	GlobalSection(SolutionConfigurationPlatforms) = preSolution
		Debug|Any CPU = Debug|Any CPU
		Release|Any CPU = Release|Any CPU
	EndGlobalSection
	GlobalSection(ProjectConfigurationPlatforms) = postSolution
		{56B69C1D-62EA-4972-9F59-6347503966D4}.Debug|Any CPU.ActiveCfg = Debug|Any CPU
		{56B69C1D-62EA-4972-9F59-6347503966D4}.Debug|Any CPU.Build.0 = Debug|Any CPU
		{56B69C1D-62EA-4972-9F59-6347503966D4}.Release|Any CPU.ActiveCfg = Release|Any CPU
		{56B69C1D-62EA-4972-9F59-6347503966D4}.Release|Any CPU.Build.0 = Release|Any CPU
	EndGlobalSection
	GlobalSection(SolutionProperties) = preSolution
		HideSolutionNode = FALSE
	EndGlobalSection
	GlobalSection(ExtensibilityGlobals) = postSolution
		SolutionGuid = {CAA54B7D-32B2-42CC-B3C1-682D9539390D}
	EndGlobalSection
EndGlobal
